PODS:
  - FMDB/standalone (2.7.5):
    - sqlite3
  - sqlite3 (3.29.0):
    - sqlite3/common (= 3.29.0)
  - sqlite3/common (3.29.0)
  - sqlite3/fts5 (3.29.0):
    - sqlite3/common

DEPENDENCIES:
  - FMDB/standalone
  - sqlite3/fts5

SPEC REPOS:
  trunk:
    - FMDB
    - sqlite3

SPEC CHECKSUMS:
  FMDB: 2ce00b547f966261cd18927a3ddb07cb6f3db82a
  sqlite3: 1b61edbb8cc8ee5f9150fc846bf32df6876577cd

PODFILE CHECKSUM: 8676c0c1e2718ca06417378669fcbc00fb8bf50b

COCOAPODS: 1.8.1
